
Microsoft Visual Studio Solution File, Format Version 12.00
# Visual Studio Version 17
VisualStudioVersion = 17.7.34031.279
MinimumVisualStudioVersion = 10.0.40219.1
Project("{FAE04EC0-301F-11D3-BF4B-00C04F79EFBC}") = "DesafioApisulMarcos", "DesafioApisulMarcos.csproj", "{61BC476A-C4D1-418F-9465-6E5319B28796}"
EndProject
Global
	GlobalSection(SolutionConfigurationPlatforms) = preSolution
		Debug|Any CPU = Debug|Any CPU
		Release|Any CPU = Release|Any CPU
	EndGlobalSection
	GlobalSection(ProjectConfigurationPlatforms) = postSolution
		{61BC476A-C4D1-418F-9465-6E5319B28796}.Debug|Any CPU.ActiveCfg = Debug|Any CPU
		{61BC476A-C4D1-418F-9465-6E5319B28796}.Debug|Any CPU.Build.0 = Debug|Any CPU
		{61BC476A-C4D1-418F-9465-6E5319B28796}.Release|Any CPU.ActiveCfg = Release|Any CPU
		{61BC476A-C4D1-418F-9465-6E5319B28796}.Release|Any CPU.Build.0 = Release|Any CPU
	EndGlobalSection
	GlobalSection(SolutionProperties) = preSolution
		HideSolutionNode = FALSE
	EndGlobalSection
	GlobalSection(ExtensibilityGlobals) = postSolution
		SolutionGuid = {1D10B8DF-30DD-471C-93B8-18942A531E87}
	EndGlobalSection
EndGlobal
